
Microsoft Visual Studio Solution File, Format Version 12.00
# Visual Studio 15
VisualStudioVersion = 15.0.27130.2010
MinimumVisualStudioVersion = 10.0.40219.1
Project("{FAE04EC0-301F-11D3-BF4B-00C04F79EFBC}") = "SR", "SR\SR.csproj", "{B7C99994-FEBB-46D7-AD62-18CB93DF3723}"
EndProject
Global
	GlobalSection(SolutionConfigurationPlatforms) = preSolution
		Debug|Any CPU = Debug|Any CPU
		Release|Any CPU = Release|Any CPU
	EndGlobalSection
	GlobalSection(ProjectConfigurationPlatforms) = postSolution
		{B7C99994-FEBB-46D7-AD62-18CB93DF3723}.Debug|Any CPU.ActiveCfg = Debug|Any CPU
		{B7C99994-FEBB-46D7-AD62-18CB93DF3723}.Debug|Any CPU.Build.0 = Debug|Any CPU
		{B7C99994-FEBB-46D7-AD62-18CB93DF3723}.Release|Any CPU.ActiveCfg = Release|Any CPU
		{B7C99994-FEBB-46D7-AD62-18CB93DF3723}.Release|Any CPU.Build.0 = Release|Any CPU
	EndGlobalSection
	GlobalSection(SolutionProperties) = preSolution
		HideSolutionNode = FALSE
	EndGlobalSection
	GlobalSection(ExtensibilityGlobals) = postSolution
		SolutionGuid = {2B6E9D33-0F2D-4284-B2DB-ACC255864885}
	EndGlobalSection
EndGlobal
